schema: '2.0'
stages:
  load_data:
    cmd: python src/load_data.py --config=params.yaml
    deps:
    - path: data_given/winequality.csv
      md5: 2daeecee174368f8a33b82c8cccae3a5
      size: 84199
    - path: src/get_data.py
      md5: b8af86b5899907953f97bbe372da4ca2
      size: 694
    - path: src/load_data.py
      md5: b2e07cc4237b787f135ef4ee54c29f8e
      size: 703
    outs:
    - path: data/raw/winequality.csv
      md5: 7c92f1ee593c0fbd2ad8c67ba5c446df
      size: 91999
  split_data:
    cmd: python src/split_data.py --config=params.yaml
    deps:
    - path: data/raw/winequality.csv
      md5: 7c92f1ee593c0fbd2ad8c67ba5c446df
      size: 91999
    - path: src/split_data.py
      md5: a783eee643269ada810d225a6eeb5e98
      size: 1105
    outs:
    - path: data/processed/test_winequality.csv
      md5: b31a4073fa82bc444fd5683cb5cf7e76
      size: 18511
    - path: data/processed/train_winequality.csv
      md5: 0196b80fbeb701453fe0052e35635db2
      size: 73634
  train_and_evaluate:
    cmd: python src/train_evaluate.py --config=params.yaml
    deps:
    - path: data/processed/test_winequality.csv
      md5: b31a4073fa82bc444fd5683cb5cf7e76
      size: 18511
    - path: data/processed/train_winequality.csv
      md5: 0196b80fbeb701453fe0052e35635db2
      size: 73634
    - path: src/train_evaluate.py
      md5: 8908e923b5c14b0294ec338b83723d59
      size: 2617
    params:
      params.yaml:
        estimators.ElasticNet.params.alpha: 0.88
        estimators.ElasticNet.params.l1_ratio: 0.89
    outs:
    - path: report/params.json
      md5: 0568f34313ba7c5e55128b75dbcbee5c
      size: 43
    - path: report/scores.json
      md5: ac89e037063ee307b6d23c8ef0583610
      size: 96
    - path: saved_models/model.joblib
      md5: 12b56eb21f221081cb162f1da9a87c5c
      size: 1227
